
Microsoft Visual Studio Solution File, Format Version 12.00
# Visual Studio Version 17
VisualStudioVersion = 17.4.33213.308
MinimumVisualStudioVersion = 10.0.40219.1
Project("{9A19103F-16F7-4668-BE54-9A1E7A4F7556}") = "GameShop", "GameShop\GameShop.csproj", "{BF4F4D1E-A3D2-4025-881B-42E704FB291F}"
EndProject
Project("{9A19103F-16F7-4668-BE54-9A1E7A4F7556}") = "GameShopConsole", "GameShopConsole\GameShopConsole.csproj", "{5FE0A89F-6FDE-4E69-B617-91E5A50382A3}"
EndProject
Project("{FAE04EC0-301F-11D3-BF4B-00C04F79EFBC}") = "GameShopTests", "GameShopTests\GameShopTests.csproj", "{5ADD4411-449B-4AB7-816F-751428BFB741}"
EndProject
Global
	GlobalSection(SolutionConfigurationPlatforms) = preSolution
		Debug|Any CPU = Debug|Any CPU
		Release|Any CPU = Release|Any CPU
	EndGlobalSection
	GlobalSection(ProjectConfigurationPlatforms) = postSolution
		{BF4F4D1E-A3D2-4025-881B-42E704FB291F}.Debug|Any CPU.ActiveCfg = Debug|Any CPU
		{BF4F4D1E-A3D2-4025-881B-42E704FB291F}.Debug|Any CPU.Build.0 = Debug|Any CPU
		{BF4F4D1E-A3D2-4025-881B-42E704FB291F}.Release|Any CPU.ActiveCfg = Release|Any CPU
		{BF4F4D1E-A3D2-4025-881B-42E704FB291F}.Release|Any CPU.Build.0 = Release|Any CPU
		{5FE0A89F-6FDE-4E69-B617-91E5A50382A3}.Debug|Any CPU.ActiveCfg = Debug|Any CPU
		{5FE0A89F-6FDE-4E69-B617-91E5A50382A3}.Debug|Any CPU.Build.0 = Debug|Any CPU
		{5FE0A89F-6FDE-4E69-B617-91E5A50382A3}.Release|Any CPU.ActiveCfg = Release|Any CPU
		{5FE0A89F-6FDE-4E69-B617-91E5A50382A3}.Release|Any CPU.Build.0 = Release|Any CPU
		{5ADD4411-449B-4AB7-816F-751428BFB741}.Debug|Any CPU.ActiveCfg = Debug|Any CPU
		{5ADD4411-449B-4AB7-816F-751428BFB741}.Debug|Any CPU.Build.0 = Debug|Any CPU
		{5ADD4411-449B-4AB7-816F-751428BFB741}.Release|Any CPU.ActiveCfg = Release|Any CPU
		{5ADD4411-449B-4AB7-816F-751428BFB741}.Release|Any CPU.Build.0 = Release|Any CPU
	EndGlobalSection
	GlobalSection(SolutionProperties) = preSolution
		HideSolutionNode = FALSE
	EndGlobalSection
	GlobalSection(ExtensibilityGlobals) = postSolution
		SolutionGuid = {AD2681C3-799C-4736-B9E5-BC130250BC7D}
	EndGlobalSection
EndGlobal
